// !$*UTF8*$!
{
	archiveVersion = 1;
	classes = {
	};
	objectVersion = 46;
	objects = {

/* Begin PBXBuildFile section */
		9D0057C11DE8555C00591D05 /* AppDelegate.swift in Sources */ = {isa = PBXBuildFile; fileRef = 9D0057C01DE8555C00591D05 /* AppDelegate.swift */; };
		9D0057C61DE8555C00591D05 /* Main.storyboard in Resources */ = {isa = PBXBuildFile; fileRef = 9D0057C41DE8555C00591D05 /* Main.storyboard */; };
		9D0057C81DE8555C00591D05 /* Assets.xcassets in Resources */ = {isa = PBXBuildFile; fileRef = 9D0057C71DE8555C00591D05 /* Assets.xcassets */; };
		9D0057CB1DE8555C00591D05 /* LaunchScreen.storyboard in Resources */ = {isa = PBXBuildFile; fileRef = 9D0057C91DE8555C00591D05 /* LaunchScreen.storyboard */; };
		9D0057D61DE8555C00591D05 /* Keep_TrackTests.swift in Sources */ = {isa = PBXBuildFile; fileRef = 9D0057D51DE8555C00591D05 /* Keep_TrackTests.swift */; };
		9D0057E11DE8555C00591D05 /* Keep_TrackUITests.swift in Sources */ = {isa = PBXBuildFile; fileRef = 9D0057E01DE8555C00591D05 /* Keep_TrackUITests.swift */; };
		9D24FBE51EAC3EED007E3C5E /* ItemViewCell.swift in Sources */ = {isa = PBXBuildFile; fileRef = 9D24FBE41EAC3EED007E3C5E /* ItemViewCell.swift */; };
		9D24FBE81EAC426F007E3C5E /* Extensions.swift in Sources */ = {isa = PBXBuildFile; fileRef = 9D24FBE71EAC426F007E3C5E /* Extensions.swift */; };
		9D58DAD51EAE1115003705BB /* AddCollectionViewController.swift in Sources */ = {isa = PBXBuildFile; fileRef = 9D58DAD41EAE1115003705BB /* AddCollectionViewController.swift */; };
		9D7962D71E64633300259680 /* Database.swift in Sources */ = {isa = PBXBuildFile; fileRef = 9D7962D61E64633300259680 /* Database.swift */; };
		9D7962D91E64A31000259680 /* AddItemViewController.swift in Sources */ = {isa = PBXBuildFile; fileRef = 9D7962D81E64A31000259680 /* AddItemViewController.swift */; };
		9DBAF2101E40B2E400CE7A81 /* InventoryViewController.swift in Sources */ = {isa = PBXBuildFile; fileRef = 9DBAF20F1E40B2E400CE7A81 /* InventoryViewController.swift */; };
		9DBAF21A1E40B54C00CE7A81 /* CollectionViewCell.swift in Sources */ = {isa = PBXBuildFile; fileRef = 9DBAF2181E40B54C00CE7A81 /* CollectionViewCell.swift */; };
		9DDAFA2F1EA7C5980019AE21 /* RealmSwift.framework in Frameworks */ = {isa = PBXBuildFile; fileRef = 9DDAFA2D1EA7C5980019AE21 /* RealmSwift.framework */; };
		9DDAFA301EA7C59D0019AE21 /* Realm.framework in Frameworks */ = {isa = PBXBuildFile; fileRef = 9DDAFA2C1EA7C5980019AE21 /* Realm.framework */; };
		9DDAFA311EA7C59D0019AE21 /* Realm.framework in Embed Frameworks */ = {isa = PBXBuildFile; fileRef = 9DDAFA2C1EA7C5980019AE21 /* Realm.framework */; settings = {ATTRIBUTES = (CodeSignOnCopy, RemoveHeadersOnCopy, ); }; };
		9DDAFA331EA7C59D0019AE21 /* RealmSwift.framework in Embed Frameworks */ = {isa = PBXBuildFile; fileRef = 9DDAFA2D1EA7C5980019AE21 /* RealmSwift.framework */; settings = {ATTRIBUTES = (CodeSignOnCopy, RemoveHeadersOnCopy, ); }; };
		9DDAFA361EA7C9800019AE21 /* MainViewController.swift in Sources */ = {isa = PBXBuildFile; fileRef = 9DDAFA351EA7C9800019AE21 /* MainViewController.swift */; };
		9DE1B7601EA80D1D007B1194 /* MobileCoreServices.framework in Frameworks */ = {isa = PBXBuildFile; fileRef = 9DE1B75F1EA80D1D007B1194 /* MobileCoreServices.framework */; };
		9DE347B21E6DAA7E008D70E0 /* ItemViewController.swift in Sources */ = {isa = PBXBuildFile; fileRef = 9DE347B11E6DAA7E008D70E0 /* ItemViewController.swift */; };
		9DFF39351EA9069E004EA005 /* ImagePicker.framework in Frameworks */ = {isa = PBXBuildFile; fileRef = 9DFF39341EA9069E004EA005 /* ImagePicker.framework */; };
		9DFF39361EA9069E004EA005 /* ImagePicker.framework in Embed Frameworks */ = {isa = PBXBuildFile; fileRef = 9DFF39341EA9069E004EA005 /* ImagePicker.framework */; settings = {ATTRIBUTES = (CodeSignOnCopy, RemoveHeadersOnCopy, ); }; };
/* End PBXBuildFile section */

/* Begin PBXContainerItemProxy section */
		9D0057D21DE8555C00591D05 /* PBXContainerItemProxy */ = {
			isa = PBXContainerItemProxy;
			containerPortal = 9D0057B51DE8555B00591D05 /* Project object */;
			proxyType = 1;
			remoteGlobalIDString = 9D0057BC1DE8555B00591D05;
			remoteInfo = "Keep Track";
		};
		9D0057DD1DE8555C00591D05 /* PBXContainerItemProxy */ = {
			isa = PBXContainerItemProxy;
			containerPortal = 9D0057B51DE8555B00591D05 /* Project object */;
			proxyType = 1;
			remoteGlobalIDString = 9D0057BC1DE8555B00591D05;
			remoteInfo = "Keep Track";
		};
/* End PBXContainerItemProxy section */

/* Begin PBXCopyFilesBuildPhase section */
		9DDAFA341EA7C59D0019AE21 /* Embed Frameworks */ = {
			isa = PBXCopyFilesBuildPhase;
			buildActionMask = 2147483647;
			dstPath = "";
			dstSubfolderSpec = 10;
			files = (
				9DDAFA331EA7C59D0019AE21 /* RealmSwift.framework in Embed Frameworks */,
				9DFF39361EA9069E004EA005 /* ImagePicker.framework in Embed Frameworks */,
				9DDAFA311EA7C59D0019AE21 /* Realm.framework in Embed Frameworks */,
			);
			name = "Embed Frameworks";
			runOnlyForDeploymentPostprocessing = 0;
		};
/* End PBXCopyFilesBuildPhase section */

/* Begin PBXFileReference section */
		9D0057BD1DE8555C00591D05 /* Keep Track.app */ = {isa = PBXFileReference; explicitFileType = wrapper.application; includeInIndex = 0; path = "Keep Track.app"; sourceTree = BUILT_PRODUCTS_DIR; };
		9D0057C01DE8555C00591D05 /* AppDelegate.swift */ = {isa = PBXFileReference; lastKnownFileType = sourcecode.swift; path = AppDelegate.swift; sourceTree = "<group>"; };
		9D0057C51DE8555C00591D05 /* Base */ = {isa = PBXFileReference; lastKnownFileType = file.storyboard; name = Base; path = Base.lproj/Main.storyboard; sourceTree = "<group>"; };
		9D0057C71DE8555C00591D05 /* Assets.xcassets */ = {isa = PBXFileReference; lastKnownFileType = folder.assetcatalog; path = Assets.xcassets; sourceTree = "<group>"; };
		9D0057CA1DE8555C00591D05 /* Base */ = {isa = PBXFileReference; lastKnownFileType = file.storyboard; name = Base; path = Base.lproj/LaunchScreen.storyboard; sourceTree = "<group>"; };
		9D0057CC1DE8555C00591D05 /* Info.plist */ = {isa = PBXFileReference; lastKnownFileType = text.plist.xml; path = Info.plist; sourceTree = "<group>"; };
		9D0057D11DE8555C00591D05 /* Keep TrackTests.xctest */ = {isa = PBXFileReference; explicitFileType = wrapper.cfbundle; includeInIndex = 0; path = "Keep TrackTests.xctest"; sourceTree = BUILT_PRODUCTS_DIR; };
		9D0057D51DE8555C00591D05 /* Keep_TrackTests.swift */ = {isa = PBXFileReference; lastKnownFileType = sourcecode.swift; path = Keep_TrackTests.swift; sourceTree = "<group>"; };
		9D0057D71DE8555C00591D05 /* Info.plist */ = {isa = PBXFileReference; lastKnownFileType = text.plist.xml; path = Info.plist; sourceTree = "<group>"; };
		9D0057DC1DE8555C00591D05 /* Keep TrackUITests.xctest */ = {isa = PBXFileReference; explicitFileType = wrapper.cfbundle; includeInIndex = 0; path = "Keep TrackUITests.xctest"; sourceTree = BUILT_PRODUCTS_DIR; };
		9D0057E01DE8555C00591D05 /* Keep_TrackUITests.swift */ = {isa = PBXFileReference; lastKnownFileType = sourcecode.swift; path = Keep_TrackUITests.swift; sourceTree = "<group>"; };
		9D0057E21DE8555C00591D05 /* Info.plist */ = {isa = PBXFileReference; lastKnownFileType = text.plist.xml; path = Info.plist; sourceTree = "<group>"; };
		9D24FBE41EAC3EED007E3C5E /* ItemViewCell.swift */ = {isa = PBXFileReference; fileEncoding = 4; lastKnownFileType = sourcecode.swift; path = ItemViewCell.swift; sourceTree = "<group>"; };
		9D24FBE71EAC426F007E3C5E /* Extensions.swift */ = {isa = PBXFileReference; fileEncoding = 4; lastKnownFileType = sourcecode.swift; path = Extensions.swift; sourceTree = "<group>"; };
		9D58DAD41EAE1115003705BB /* AddCollectionViewController.swift */ = {isa = PBXFileReference; fileEncoding = 4; lastKnownFileType = sourcecode.swift; path = AddCollectionViewController.swift; sourceTree = "<group>"; };
		9D7962D61E64633300259680 /* Database.swift */ = {isa = PBXFileReference; fileEncoding = 4; lastKnownFileType = sourcecode.swift; path = Database.swift; sourceTree = "<group>"; };
		9D7962D81E64A31000259680 /* AddItemViewController.swift */ = {isa = PBXFileReference; fileEncoding = 4; lastKnownFileType = sourcecode.swift; path = AddItemViewController.swift; sourceTree = "<group>"; };
		9DBAF20F1E40B2E400CE7A81 /* InventoryViewController.swift */ = {isa = PBXFileReference; fileEncoding = 4; lastKnownFileType = sourcecode.swift; path = InventoryViewController.swift; sourceTree = "<group>"; };
		9DBAF2181E40B54C00CE7A81 /* CollectionViewCell.swift */ = {isa = PBXFileReference; fileEncoding = 4; lastKnownFileType = sourcecode.swift; path = CollectionViewCell.swift; sourceTree = "<group>"; };
		9DDAFA2C1EA7C5980019AE21 /* Realm.framework */ = {isa = PBXFileReference; lastKnownFileType = wrapper.framework; path = Realm.framework; sourceTree = "<group>"; };
		9DDAFA2D1EA7C5980019AE21 /* RealmSwift.framework */ = {isa = PBXFileReference; lastKnownFileType = wrapper.framework; path = RealmSwift.framework; sourceTree = "<group>"; };
		9DDAFA351EA7C9800019AE21 /* MainViewController.swift */ = {isa = PBXFileReference; fileEncoding = 4; lastKnownFileType = sourcecode.swift; path = MainViewController.swift; sourceTree = "<group>"; };
		9DE1B75F1EA80D1D007B1194 /* MobileCoreServices.framework */ = {isa = PBXFileReference; lastKnownFileType = wrapper.framework; name = MobileCoreServices.framework; path = System/Library/Frameworks/MobileCoreServices.framework; sourceTree = SDKROOT; };
		9DE347B11E6DAA7E008D70E0 /* ItemViewController.swift */ = {isa = PBXFileReference; fileEncoding = 4; lastKnownFileType = sourcecode.swift; path = ItemViewController.swift; sourceTree = "<group>"; };
		9DFF39341EA9069E004EA005 /* ImagePicker.framework */ = {isa = PBXFileReference; lastKnownFileType = wrapper.framework; path = ImagePicker.framework; sourceTree = "<group>"; };
/* End PBXFileReference section */

/* Begin PBXFrameworksBuildPhase section */
		9D0057BA1DE8555B00591D05 /* Frameworks */ = {
			isa = PBXFrameworksBuildPhase;
			buildActionMask = 2147483647;
			files = (
				9DE1B7601EA80D1D007B1194 /* MobileCoreServices.framework in Frameworks */,
				9DDAFA301EA7C59D0019AE21 /* Realm.framework in Frameworks */,
				9DFF39351EA9069E004EA005 /* ImagePicker.framework in Frameworks */,
				9DDAFA2F1EA7C5980019AE21 /* RealmSwift.framework in Frameworks */,
			);
			runOnlyForDeploymentPostprocessing = 0;
		};
		9D0057CE1DE8555C00591D05 /* Frameworks */ = {
			isa = PBXFrameworksBuildPhase;
			buildActionMask = 2147483647;
			files = (
			);
			runOnlyForDeploymentPostprocessing = 0;
		};
		9D0057D91DE8555C00591D05 /* Frameworks */ = {
			isa = PBXFrameworksBuildPhase;
			buildActionMask = 2147483647;
			files = (
			);
			runOnlyForDeploymentPostprocessing = 0;
		};
/* End PBXFrameworksBuildPhase section */

/* Begin PBXGroup section */
		9D0057B41DE8555B00591D05 = {
			isa = PBXGroup;
			children = (
				9D0057BF1DE8555C00591D05 /* Keep Track */,
				9D0057D41DE8555C00591D05 /* Keep TrackTests */,
				9D0057DF1DE8555C00591D05 /* Keep TrackUITests */,
				9D0057BE1DE8555C00591D05 /* Products */,
				9DE1B75E1EA80D1D007B1194 /* Frameworks */,
			);
			sourceTree = "<group>";
		};
		9D0057BE1DE8555C00591D05 /* Products */ = {
			isa = PBXGroup;
			children = (
				9D0057BD1DE8555C00591D05 /* Keep Track.app */,
				9D0057D11DE8555C00591D05 /* Keep TrackTests.xctest */,
				9D0057DC1DE8555C00591D05 /* Keep TrackUITests.xctest */,
			);
			name = Products;
			sourceTree = "<group>";
		};
		9D0057BF1DE8555C00591D05 /* Keep Track */ = {
			isa = PBXGroup;
			children = (
				9D0057C01DE8555C00591D05 /* AppDelegate.swift */,
				9D24FBE61EAC40D9007E3C5E /* Interface */,
				9D2D08D71EAA32450083ABE9 /* Main/Collections */,
				9DBAF2151E40B50E00CE7A81 /* Inventory/Collection */,
				9D60F78F1E6D7DA800CBE043 /* Item */,
				9D7962D61E64633300259680 /* Database.swift */,
				9D0057C71DE8555C00591D05 /* Assets.xcassets */,
				9D0057C91DE8555C00591D05 /* LaunchScreen.storyboard */,
				9D0057CC1DE8555C00591D05 /* Info.plist */,
				9D24FBE71EAC426F007E3C5E /* Extensions.swift */,
			);
			path = "Keep Track";
			sourceTree = "<group>";
		};
		9D0057D41DE8555C00591D05 /* Keep TrackTests */ = {
			isa = PBXGroup;
			children = (
				9D0057D51DE8555C00591D05 /* Keep_TrackTests.swift */,
				9D0057D71DE8555C00591D05 /* Info.plist */,
			);
			path = "Keep TrackTests";
			sourceTree = "<group>";
		};
		9D0057DF1DE8555C00591D05 /* Keep TrackUITests */ = {
			isa = PBXGroup;
			children = (
				9D0057E01DE8555C00591D05 /* Keep_TrackUITests.swift */,
				9D0057E21DE8555C00591D05 /* Info.plist */,
			);
			path = "Keep TrackUITests";
			sourceTree = "<group>";
		};
		9D24FBE61EAC40D9007E3C5E /* Interface */ = {
			isa = PBXGroup;
			children = (
				9D0057C41DE8555C00591D05 /* Main.storyboard */,
				9DBAF2181E40B54C00CE7A81 /* CollectionViewCell.swift */,
				9D24FBE41EAC3EED007E3C5E /* ItemViewCell.swift */,
			);
			name = Interface;
			sourceTree = "<group>";
		};
		9D2D08D71EAA32450083ABE9 /* Main/Collections */ = {
			isa = PBXGroup;
			children = (
				9DDAFA351EA7C9800019AE21 /* MainViewController.swift */,
				9D58DAD41EAE1115003705BB /* AddCollectionViewController.swift */,
			);
			name = Main/Collections;
			sourceTree = "<group>";
		};
		9D60F78F1E6D7DA800CBE043 /* Item */ = {
			isa = PBXGroup;
			children = (
				9D7962D81E64A31000259680 /* AddItemViewController.swift */,
				9DE347B11E6DAA7E008D70E0 /* ItemViewController.swift */,
			);
			name = Item;
			sourceTree = "<group>";
		};
		9DBAF2151E40B50E00CE7A81 /* Inventory/Collection */ = {
			isa = PBXGroup;
			children = (
				9DBAF20F1E40B2E400CE7A81 /* InventoryViewController.swift */,
			);
			name = Inventory/Collection;
			sourceTree = "<group>";
		};
		9DE1B75E1EA80D1D007B1194 /* Frameworks */ = {
			isa = PBXGroup;
			children = (
				9DFF39341EA9069E004EA005 /* ImagePicker.framework */,
				9DDAFA2C1EA7C5980019AE21 /* Realm.framework */,
				9DDAFA2D1EA7C5980019AE21 /* RealmSwift.framework */,
				9DE1B75F1EA80D1D007B1194 /* MobileCoreServices.framework */,
			);
			name = Frameworks;
			sourceTree = "<group>";
		};
/* End PBXGroup section */

/* Begin PBXNativeTarget section */
		9D0057BC1DE8555B00591D05 /* Keep Track */ = {
			isa = PBXNativeTarget;
			buildConfigurationList = 9D0057E51DE8555C00591D05 /* Build configuration list for PBXNativeTarget "Keep Track" */;
			buildPhases = (
				9D0057B91DE8555B00591D05 /* Sources */,
				9D0057BA1DE8555B00591D05 /* Frameworks */,
				9D0057BB1DE8555B00591D05 /* Resources */,
				9DDAFA341EA7C59D0019AE21 /* Embed Frameworks */,
			);
			buildRules = (
			);
			dependencies = (
			);
			name = "Keep Track";
			productName = "Keep Track";
			productReference = 9D0057BD1DE8555C00591D05 /* Keep Track.app */;
			productType = "com.apple.product-type.application";
		};
		9D0057D01DE8555C00591D05 /* Keep TrackTests */ = {
			isa = PBXNativeTarget;
			buildConfigurationList = 9D0057E81DE8555C00591D05 /* Build configuration list for PBXNativeTarget "Keep TrackTests" */;
			buildPhases = (
				9D0057CD1DE8555C00591D05 /* Sources */,
				9D0057CE1DE8555C00591D05 /* Frameworks */,
				9D0057CF1DE8555C00591D05 /* Resources */,
			);
			buildRules = (
			);
			dependencies = (
				9D0057D31DE8555C00591D05 /* PBXTargetDependency */,
			);
			name = "Keep TrackTests";
			productName = "Keep TrackTests";
			productReference = 9D0057D11DE8555C00591D05 /* Keep TrackTests.xctest */;
			productType = "com.apple.product-type.bundle.unit-test";
		};
		9D0057DB1DE8555C00591D05 /* Keep TrackUITests */ = {
			isa = PBXNativeTarget;
			buildConfigurationList = 9D0057EB1DE8555C00591D05 /* Build configuration list for PBXNativeTarget "Keep TrackUITests" */;
			buildPhases = (
				9D0057D81DE8555C00591D05 /* Sources */,
				9D0057D91DE8555C00591D05 /* Frameworks */,
				9D0057DA1DE8555C00591D05 /* Resources */,
			);
			buildRules = (
			);
			dependencies = (
				9D0057DE1DE8555C00591D05 /* PBXTargetDependency */,
			);
			name = "Keep TrackUITests";
			productName = "Keep TrackUITests";
			productReference = 9D0057DC1DE8555C00591D05 /* Keep TrackUITests.xctest */;
			productType = "com.apple.product-type.bundle.ui-testing";
		};
/* End PBXNativeTarget section */

/* Begin PBXProject section */
		9D0057B51DE8555B00591D05 /* Project object */ = {
			isa = PBXProject;
			attributes = {
				LastSwiftUpdateCheck = 0810;
				LastUpgradeCheck = 0820;
				ORGANIZATIONNAME = "Christopher Hannah";
				TargetAttributes = {
					9D0057BC1DE8555B00591D05 = {
						CreatedOnToolsVersion = 8.1;
						DevelopmentTeam = 35H8Q2N6J9;
						ProvisioningStyle = Automatic;
					};
					9D0057D01DE8555C00591D05 = {
						CreatedOnToolsVersion = 8.1;
						DevelopmentTeam = 35H8Q2N6J9;
						ProvisioningStyle = Automatic;
						TestTargetID = 9D0057BC1DE8555B00591D05;
					};
					9D0057DB1DE8555C00591D05 = {
						CreatedOnToolsVersion = 8.1;
						DevelopmentTeam = 35H8Q2N6J9;
						ProvisioningStyle = Automatic;
						TestTargetID = 9D0057BC1DE8555B00591D05;
					};
				};
			};
			buildConfigurationList = 9D0057B81DE8555B00591D05 /* Build configuration list for PBXProject "Keep Track" */;
			compatibilityVersion = "Xcode 3.2";
			developmentRegion = English;
			hasScannedForEncodings = 0;
			knownRegions = (
				en,
				Base,
			);
			mainGroup = 9D0057B41DE8555B00591D05;
			productRefGroup = 9D0057BE1DE8555C00591D05 /* Products */;
			projectDirPath = "";
			projectRoot = "";
			targets = (
				9D0057BC1DE8555B00591D05 /* Keep Track */,
				9D0057D01DE8555C00591D05 /* Keep TrackTests */,
				9D0057DB1DE8555C00591D05 /* Keep TrackUITests */,
			);
		};
/* End PBXProject section */

/* Begin PBXResourcesBuildPhase section */
		9D0057BB1DE8555B00591D05 /* Resources */ = {
			isa = PBXResourcesBuildPhase;
			buildActionMask = 2147483647;
			files = (
				9D0057CB1DE8555C00591D05 /* LaunchScreen.storyboard in Resources */,
				9D0057C81DE8555C00591D05 /* Assets.xcassets in Resources */,
				9D0057C61DE8555C00591D05 /* Main.storyboard in Resources */,
			);
			runOnlyForDeploymentPostprocessing = 0;
		};
		9D0057CF1DE8555C00591D05 /* Resources */ = {
			isa = PBXResourcesBuildPhase;
			buildActionMask = 2147483647;
			files = (
			);
			runOnlyForDeploymentPostprocessing = 0;
		};
		9D0057DA1DE8555C00591D05 /* Resources */ = {
			isa = PBXResourcesBuildPhase;
			buildActionMask = 2147483647;
			files = (
			);
			runOnlyForDeploymentPostprocessing = 0;
		};
/* End PBXResourcesBuildPhase section */

/* Begin PBXSourcesBuildPhase section */
		9D0057B91DE8555B00591D05 /* Sources */ = {
			isa = PBXSourcesBuildPhase;
			buildActionMask = 2147483647;
			files = (
				9DDAFA361EA7C9800019AE21 /* MainViewController.swift in Sources */,
				9D24FBE81EAC426F007E3C5E /* Extensions.swift in Sources */,
				9D58DAD51EAE1115003705BB /* AddCollectionViewController.swift in Sources */,
				9D7962D91E64A31000259680 /* AddItemViewController.swift in Sources */,
				9DBAF21A1E40B54C00CE7A81 /* CollectionViewCell.swift in Sources */,
				9DBAF2101E40B2E400CE7A81 /* InventoryViewController.swift in Sources */,
				9D7962D71E64633300259680 /* Database.swift in Sources */,
				9D0057C11DE8555C00591D05 /* AppDelegate.swift in Sources */,
				9DE347B21E6DAA7E008D70E0 /* ItemViewController.swift in Sources */,
				9D24FBE51EAC3EED007E3C5E /* ItemViewCell.swift in Sources */,
			);
			runOnlyForDeploymentPostprocessing = 0;
		};
		9D0057CD1DE8555C00591D05 /* Sources */ = {
			isa = PBXSourcesBuildPhase;
			buildActionMask = 2147483647;
			files = (
				9D0057D61DE8555C00591D05 /* Keep_TrackTests.swift in Sources */,
			);
			runOnlyForDeploymentPostprocessing = 0;
		};
		9D0057D81DE8555C00591D05 /* Sources */ = {
			isa = PBXSourcesBuildPhase;
			buildActionMask = 2147483647;
			files = (
				9D0057E11DE8555C00591D05 /* Keep_TrackUITests.swift in Sources */,
			);
			runOnlyForDeploymentPostprocessing = 0;
		};
/* End PBXSourcesBuildPhase section */

/* Begin PBXTargetDependency section */
		9D0057D31DE8555C00591D05 /* PBXTargetDependency */ = {
			isa = PBXTargetDependency;
			target = 9D0057BC1DE8555B00591D05 /* Keep Track */;
			targetProxy = 9D0057D21DE8555C00591D05 /* PBXContainerItemProxy */;
		};
		9D0057DE1DE8555C00591D05 /* PBXTargetDependency */ = {
			isa = PBXTargetDependency;
			target = 9D0057BC1DE8555B00591D05 /* Keep Track */;
			targetProxy = 9D0057DD1DE8555C00591D05 /* PBXContainerItemProxy */;
		};
/* End PBXTargetDependency section */

/* Begin PBXVariantGroup section */
		9D0057C41DE8555C00591D05 /* Main.storyboard */ = {
			isa = PBXVariantGroup;
			children = (
				9D0057C51DE8555C00591D05 /* Base */,
			);
			name = Main.storyboard;
			sourceTree = "<group>";
		};
		9D0057C91DE8555C00591D05 /* LaunchScreen.storyboard */ = {
			isa = PBXVariantGroup;
			children = (
				9D0057CA1DE8555C00591D05 /* Base */,
			);
			name = LaunchScreen.storyboard;
			sourceTree = "<group>";
		};
/* End PBXVariantGroup section */

/* Begin XCBuildConfiguration section */
		9D0057E31DE8555C00591D05 /* Debug */ = {
			isa = XCBuildConfiguration;
			buildSettings = {
				ALWAYS_SEARCH_USER_PATHS = NO;
				CLANG_ANALYZER_NONNULL = YES;
				CLANG_CXX_LANGUAGE_STANDARD = "gnu++0x";
				CLANG_CXX_LIBRARY = "libc++";
				CLANG_ENABLE_MODULES = YES;
				CLANG_ENABLE_OBJC_ARC = YES;
				CLANG_WARN_BOOL_CONVERSION = YES;
				CLANG_WARN_CONSTANT_CONVERSION = YES;
				CLANG_WARN_DIRECT_OBJC_ISA_USAGE = YES_ERROR;
				CLANG_WARN_DOCUMENTATION_COMMENTS = YES;
				CLANG_WARN_EMPTY_BODY = YES;
				CLANG_WARN_ENUM_CONVERSION = YES;
				CLANG_WARN_INFINITE_RECURSION = YES;
				CLANG_WARN_INT_CONVERSION = YES;
				CLANG_WARN_OBJC_ROOT_CLASS = YES_ERROR;
				CLANG_WARN_SUSPICIOUS_MOVE = YES;
				CLANG_WARN_SUSPICIOUS_MOVES = YES;
				CLANG_WARN_UNREACHABLE_CODE = YES;
				CLANG_WARN__DUPLICATE_METHOD_MATCH = YES;
				"CODE_SIGN_IDENTITY[sdk=iphoneos*]" = "iPhone Developer";
				COPY_PHASE_STRIP = NO;
				DEBUG_INFORMATION_FORMAT = dwarf;
				ENABLE_STRICT_OBJC_MSGSEND = YES;
				ENABLE_TESTABILITY = YES;
				GCC_C_LANGUAGE_STANDARD = gnu99;
				GCC_DYNAMIC_NO_PIC = NO;
				GCC_NO_COMMON_BLOCKS = YES;
				GCC_OPTIMIZATION_LEVEL = 0;
				GCC_PREPROCESSOR_DEFINITIONS = (
					"DEBUG=1",
					"$(inherited)",
				);
				GCC_WARN_64_TO_32_BIT_CONVERSION = YES;
				GCC_WARN_ABOUT_RETURN_TYPE = YES_ERROR;
				GCC_WARN_UNDECLARED_SELECTOR = YES;
				GCC_WARN_UNINITIALIZED_AUTOS = YES_AGGRESSIVE;
				GCC_WARN_UNUSED_FUNCTION = YES;
				GCC_WARN_UNUSED_VARIABLE = YES;
				IPHONEOS_DEPLOYMENT_TARGET = 10.1;
				MTL_ENABLE_DEBUG_INFO = YES;
				ONLY_ACTIVE_ARCH = YES;
				SDKROOT = iphoneos;
				SWIFT_ACTIVE_COMPILATION_CONDITIONS = DEBUG;
				SWIFT_OPTIMIZATION_LEVEL = "-Onone";
			};
			name = Debug;
		};
		9D0057E41DE8555C00591D05 /* Release */ = {
			isa = XCBuildConfiguration;
			buildSettings = {
				ALWAYS_SEARCH_USER_PATHS = NO;
				CLANG_ANALYZER_NONNULL = YES;
				CLANG_CXX_LANGUAGE_STANDARD = "gnu++0x";
				CLANG_CXX_LIBRARY = "libc++";
				CLANG_ENABLE_MODULES = YES;
				CLANG_ENABLE_OBJC_ARC = YES;
				CLANG_WARN_BOOL_CONVERSION = YES;
				CLANG_WARN_CONSTANT_CONVERSION = YES;
				CLANG_WARN_DIRECT_OBJC_ISA_USAGE = YES_ERROR;
				CLANG_WARN_DOCUMENTATION_COMMENTS = YES;
				CLANG_WARN_EMPTY_BODY = YES;
				CLANG_WARN_ENUM_CONVERSION = YES;
				CLANG_WARN_INFINITE_RECURSION = YES;
				CLANG_WARN_INT_CONVERSION = YES;
				CLANG_WARN_OBJC_ROOT_CLASS = YES_ERROR;
				CLANG_WARN_SUSPICIOUS_MOVE = YES;
				CLANG_WARN_SUSPICIOUS_MOVES = YES;
				CLANG_WARN_UNREACHABLE_CODE = YES;
				CLANG_WARN__DUPLICATE_METHOD_MATCH = YES;
				"CODE_SIGN_IDENTITY[sdk=iphoneos*]" = "iPhone Developer";
				COPY_PHASE_STRIP = NO;
				DEBUG_INFORMATION_FORMAT = "dwarf-with-dsym";
				ENABLE_NS_ASSERTIONS = NO;
				ENABLE_STRICT_OBJC_MSGSEND = YES;
				GCC_C_LANGUAGE_STANDARD = gnu99;
				GCC_NO_COMMON_BLOCKS = YES;
				GCC_WARN_64_TO_32_BIT_CONVERSION = YES;
				GCC_WARN_ABOUT_RETURN_TYPE = YES_ERROR;
				GCC_WARN_UNDECLARED_SELECTOR = YES;
				GCC_WARN_UNINITIALIZED_AUTOS = YES_AGGRESSIVE;
				GCC_WARN_UNUSED_FUNCTION = YES;
				GCC_WARN_UNUSED_VARIABLE = YES;
				IPHONEOS_DEPLOYMENT_TARGET = 10.1;
				MTL_ENABLE_DEBUG_INFO = NO;
				SDKROOT = iphoneos;
				SWIFT_OPTIMIZATION_LEVEL = "-Owholemodule";
				VALIDATE_PRODUCT = YES;
			};
			name = Release;
		};
		9D0057E61DE8555C00591D05 /* Debug */ = {
			isa = XCBuildConfiguration;
			buildSettings = {
				ASSETCATALOG_COMPILER_APPICON_NAME = AppIcon;
				DEVELOPMENT_TEAM = 35H8Q2N6J9;
				FRAMEWORK_SEARCH_PATHS = (
					"$(inherited)",
					"$(PROJECT_DIR)",
				);
				INFOPLIST_FILE = "Keep Track/Info.plist";
				LD_RUNPATH_SEARCH_PATHS = "$(inherited) @executable_path/Frameworks";
				PRODUCT_BUNDLE_IDENTIFIER = "com.Christopher-Hannah.Keep-Track";
				PRODUCT_NAME = "$(TARGET_NAME)";
				SWIFT_VERSION = 3.0;
			};
			name = Debug;
		};
		9D0057E71DE8555C00591D05 /* Release */ = {
			isa = XCBuildConfiguration;
			buildSettings = {
				ASSETCATALOG_COMPILER_APPICON_NAME = AppIcon;
				DEVELOPMENT_TEAM = 35H8Q2N6J9;
				FRAMEWORK_SEARCH_PATHS = (
					"$(inherited)",
					"$(PROJECT_DIR)",
				);
				INFOPLIST_FILE = "Keep Track/Info.plist";
				LD_RUNPATH_SEARCH_PATHS = "$(inherited) @executable_path/Frameworks";
				PRODUCT_BUNDLE_IDENTIFIER = "com.Christopher-Hannah.Keep-Track";
				PRODUCT_NAME = "$(TARGET_NAME)";
				SWIFT_VERSION = 3.0;
			};
			name = Release;
		};
		9D0057E91DE8555C00591D05 /* Debug */ = {
			isa = XCBuildConfiguration;
			buildSettings = {
				ALWAYS_EMBED_SWIFT_STANDARD_LIBRARIES = YES;
				BUNDLE_LOADER = "$(TEST_HOST)";
				DEVELOPMENT_TEAM = 35H8Q2N6J9;
				INFOPLIST_FILE = "Keep TrackTests/Info.plist";
				LD_RUNPATH_SEARCH_PATHS = "$(inherited) @executable_path/Frameworks @loader_path/Frameworks";
				PRODUCT_BUNDLE_IDENTIFIER = "com.Christopher-Hannah.Keep-TrackTests";
				PRODUCT_NAME = "$(TARGET_NAME)";
				SWIFT_VERSION = 3.0;
				TEST_HOST = "$(BUILT_PRODUCTS_DIR)/Keep Track.app/Keep Track";
			};
			name = Debug;
		};
		9D0057EA1DE8555C00591D05 /* Release */ = {
			isa = XCBuildConfiguration;
			buildSettings = {
				ALWAYS_EMBED_SWIFT_STANDARD_LIBRARIES = YES;
				BUNDLE_LOADER = "$(TEST_HOST)";
				DEVELOPMENT_TEAM = 35H8Q2N6J9;
				INFOPLIST_FILE = "Keep TrackTests/Info.plist";
				LD_RUNPATH_SEARCH_PATHS = "$(inherited) @executable_path/Frameworks @loader_path/Frameworks";
				PRODUCT_BUNDLE_IDENTIFIER = "com.Christopher-Hannah.Keep-TrackTests";
				PRODUCT_NAME = "$(TARGET_NAME)";
				SWIFT_VERSION = 3.0;
				TEST_HOST = "$(BUILT_PRODUCTS_DIR)/Keep Track.app/Keep Track";
			};
			name = Release;
		};
		9D0057EC1DE8555C00591D05 /* Debug */ = {
			isa = XCBuildConfiguration;
			buildSettings = {
				ALWAYS_EMBED_SWIFT_STANDARD_LIBRARIES = YES;
				DEVELOPMENT_TEAM = 35H8Q2N6J9;
				INFOPLIST_FILE = "Keep TrackUITests/Info.plist";
				LD_RUNPATH_SEARCH_PATHS = "$(inherited) @executable_path/Frameworks @loader_path/Frameworks";
				PRODUCT_BUNDLE_IDENTIFIER = "com.Christopher-Hannah.Keep-TrackUITests";
				PRODUCT_NAME = "$(TARGET_NAME)";
				SWIFT_VERSION = 3.0;
				TEST_TARGET_NAME = "Keep Track";
			};
			name = Debug;
		};
		9D0057ED1DE8555C00591D05 /* Release */ = {
			isa = XCBuildConfiguration;
			buildSettings = {
				ALWAYS_EMBED_SWIFT_STANDARD_LIBRARIES = YES;
				DEVELOPMENT_TEAM = 35H8Q2N6J9;
				INFOPLIST_FILE = "Keep TrackUITests/Info.plist";
				LD_RUNPATH_SEARCH_PATHS = "$(inherited) @executable_path/Frameworks @loader_path/Frameworks";
				PRODUCT_BUNDLE_IDENTIFIER = "com.Christopher-Hannah.Keep-TrackUITests";
				PRODUCT_NAME = "$(TARGET_NAME)";
				SWIFT_VERSION = 3.0;
				TEST_TARGET_NAME = "Keep Track";
			};
			name = Release;
		};
/* End XCBuildConfiguration section */

/* Begin XCConfigurationList section */
		9D0057B81DE8555B00591D05 /* Build configuration list for PBXProject "Keep Track" */ = {
			isa = XCConfigurationList;
			buildConfigurations = (
				9D0057E31DE8555C00591D05 /* Debug */,
				9D0057E41DE8555C00591D05 /* Release */,
			);
			defaultConfigurationIsVisible = 0;
			defaultConfigurationName = Release;
		};
		9D0057E51DE8555C00591D05 /* Build configuration list for PBXNativeTarget "Keep Track" */ = {
			isa = XCConfigurationList;
			buildConfigurations = (
				9D0057E61DE8555C00591D05 /* Debug */,
				9D0057E71DE8555C00591D05 /* Release */,
			);
			defaultConfigurationIsVisible = 0;
			defaultConfigurationName = Release;
		};
		9D0057E81DE8555C00591D05 /* Build configuration list for PBXNativeTarget "Keep TrackTests" */ = {
			isa = XCConfigurationList;
			buildConfigurations = (
				9D0057E91DE8555C00591D05 /* Debug */,
				9D0057EA1DE8555C00591D05 /* Release */,
			);
			defaultConfigurationIsVisible = 0;
			defaultConfigurationName = Release;
		};
		9D0057EB1DE8555C00591D05 /* Build configuration list for PBXNativeTarget "Keep TrackUITests" */ = {
			isa = XCConfigurationList;
			buildConfigurations = (
				9D0057EC1DE8555C00591D05 /* Debug */,
				9D0057ED1DE8555C00591D05 /* Release */,
			);
			defaultConfigurationIsVisible = 0;
			defaultConfigurationName = Release;
		};
/* End XCConfigurationList section */
	};
	rootObject = 9D0057B51DE8555B00591D05 /* Project object */;
}
